
Microsoft Visual Studio Solution File, Format Version 12.00
# Visual Studio Version 17
VisualStudioVersion = 17.4.33110.190
MinimumVisualStudioVersion = 10.0.40219.1
Project("{FAE04EC0-301F-11D3-BF4B-00C04F79EFBC}") = "HlidaciZub", "HlidaciZub\HlidaciZub.csproj", "{D89CF208-4C0A-451F-91EC-93C5FB20898E}"
EndProject
Project("{FAE04EC0-301F-11D3-BF4B-00C04F79EFBC}") = "Hlidac-Winforms", "Hlidac-Winforms\Hlidac-Winforms.csproj", "{4D5A767F-8625-46BD-A546-78B87F462181}"
EndProject
Project("{FAE04EC0-301F-11D3-BF4B-00C04F79EFBC}") = "Hlidac-console", "Hlidac-console\Hlidac-console.csproj", "{4CF411D4-733B-4419-89E3-D9E946066A38}"
EndProject
Global
	GlobalSection(SolutionConfigurationPlatforms) = preSolution
		Debug|Any CPU = Debug|Any CPU
		Release|Any CPU = Release|Any CPU
	EndGlobalSection
	GlobalSection(ProjectConfigurationPlatforms) = postSolution
		{D89CF208-4C0A-451F-91EC-93C5FB20898E}.Debug|Any CPU.ActiveCfg = Debug|Any CPU
		{D89CF208-4C0A-451F-91EC-93C5FB20898E}.Debug|Any CPU.Build.0 = Debug|Any CPU
		{D89CF208-4C0A-451F-91EC-93C5FB20898E}.Release|Any CPU.ActiveCfg = Release|Any CPU
		{D89CF208-4C0A-451F-91EC-93C5FB20898E}.Release|Any CPU.Build.0 = Release|Any CPU
		{4D5A767F-8625-46BD-A546-78B87F462181}.Debug|Any CPU.ActiveCfg = Debug|Any CPU
		{4D5A767F-8625-46BD-A546-78B87F462181}.Debug|Any CPU.Build.0 = Debug|Any CPU
		{4D5A767F-8625-46BD-A546-78B87F462181}.Release|Any CPU.ActiveCfg = Release|Any CPU
		{4D5A767F-8625-46BD-A546-78B87F462181}.Release|Any CPU.Build.0 = Release|Any CPU
		{4CF411D4-733B-4419-89E3-D9E946066A38}.Debug|Any CPU.ActiveCfg = Debug|Any CPU
		{4CF411D4-733B-4419-89E3-D9E946066A38}.Debug|Any CPU.Build.0 = Debug|Any CPU
		{4CF411D4-733B-4419-89E3-D9E946066A38}.Release|Any CPU.ActiveCfg = Release|Any CPU
		{4CF411D4-733B-4419-89E3-D9E946066A38}.Release|Any CPU.Build.0 = Release|Any CPU
	EndGlobalSection
	GlobalSection(SolutionProperties) = preSolution
		HideSolutionNode = FALSE
	EndGlobalSection
	GlobalSection(ExtensibilityGlobals) = postSolution
		SolutionGuid = {4171E998-DF7D-45CC-960F-FD089D7646C7}
	EndGlobalSection
EndGlobal
